
Microsoft Visual Studio Solution File, Format Version 12.00
Project("{FAE04EC0-301F-11D3-BF4B-00C04F79EFBC}") = "2", "2\2.csproj", "{89B2AC14-D9D6-4B64-89AC-696ADD1AF994}"
EndProject
Global
	GlobalSection(SolutionConfigurationPlatforms) = preSolution
		Debug|Any CPU = Debug|Any CPU
		Release|Any CPU = Release|Any CPU
	EndGlobalSection
	GlobalSection(ProjectConfigurationPlatforms) = postSolution
		{89B2AC14-D9D6-4B64-89AC-696ADD1AF994}.Debug|Any CPU.ActiveCfg = Debug|Any CPU
		{89B2AC14-D9D6-4B64-89AC-696ADD1AF994}.Debug|Any CPU.Build.0 = Debug|Any CPU
		{89B2AC14-D9D6-4B64-89AC-696ADD1AF994}.Release|Any CPU.ActiveCfg = Release|Any CPU
		{89B2AC14-D9D6-4B64-89AC-696ADD1AF994}.Release|Any CPU.Build.0 = Release|Any CPU
	EndGlobalSection
EndGlobal
